
Microsoft Visual Studio Solution File, Format Version 12.00
# Visual Studio Version 17
VisualStudioVersion = 17.8.34316.72
MinimumVisualStudioVersion = 10.0.40219.1
Project("{8BC9CEB8-8B4A-11D0-8D11-00A0C91BC942}") = "kyrsovaia2k", "kyrsovaia2k\kyrsovaia2k.vcxproj", "{CA0D08F8-992C-41CF-8BA7-F9E74D514D06}"
EndProject
Global
	GlobalSection(SolutionConfigurationPlatforms) = preSolution
		Debug|x64 = Debug|x64
		Debug|x86 = Debug|x86
		Release|x64 = Release|x64
		Release|x86 = Release|x86
	EndGlobalSection
	GlobalSection(ProjectConfigurationPlatforms) = postSolution
		{CA0D08F8-992C-41CF-8BA7-F9E74D514D06}.Debug|x64.ActiveCfg = Debug|x64
		{CA0D08F8-992C-41CF-8BA7-F9E74D514D06}.Debug|x64.Build.0 = Debug|x64
		{CA0D08F8-992C-41CF-8BA7-F9E74D514D06}.Debug|x86.ActiveCfg = Debug|Win32
		{CA0D08F8-992C-41CF-8BA7-F9E74D514D06}.Debug|x86.Build.0 = Debug|Win32
		{CA0D08F8-992C-41CF-8BA7-F9E74D514D06}.Release|x64.ActiveCfg = Release|x64
		{CA0D08F8-992C-41CF-8BA7-F9E74D514D06}.Release|x64.Build.0 = Release|x64
		{CA0D08F8-992C-41CF-8BA7-F9E74D514D06}.Release|x86.ActiveCfg = Release|Win32
		{CA0D08F8-992C-41CF-8BA7-F9E74D514D06}.Release|x86.Build.0 = Release|Win32
	EndGlobalSection
	GlobalSection(SolutionProperties) = preSolution
		HideSolutionNode = FALSE
	EndGlobalSection
	GlobalSection(ExtensibilityGlobals) = postSolution
		SolutionGuid = {24E8D343-90A1-4922-855B-1B29EA670CF1}
	EndGlobalSection
EndGlobal
